// !$*UTF8*$!
{
	archiveVersion = 1;
	classes = {
	};
	objectVersion = 50;
	objects = {

/* Begin PBXBuildFile section */
		A1070C2A21F93D9D00AC8E94 /* worldgen.cpp in Sources */ = {isa = PBXBuildFile; fileRef = A1070C2921F93D9D00AC8E94 /* worldgen.cpp */; };
		A14EB83B2192018C00E05FD1 /* json11.cpp in Sources */ = {isa = PBXBuildFile; fileRef = A14EB83A2192018C00E05FD1 /* json11.cpp */; };
		A1795E14216EF2B200695595 /* main.cpp in Sources */ = {isa = PBXBuildFile; fileRef = A1795E13216EF2B200695595 /* main.cpp */; };
/* End PBXBuildFile section */

/* Begin PBXCopyFilesBuildPhase section */
		A1795E0E216EF2B200695595 /* CopyFiles */ = {
			isa = PBXCopyFilesBuildPhase;
			buildActionMask = 2147483647;
			dstPath = /usr/share/man/man1/;
			dstSubfolderSpec = 0;
			files = (
			);
			runOnlyForDeploymentPostprocessing = 1;
		};
/* End PBXCopyFilesBuildPhase section */

/* Begin PBXFileReference section */
		A1070C2321F9296E00AC8E94 /* Text.json */ = {isa = PBXFileReference; lastKnownFileType = text.json; path = Text.json; sourceTree = "<group>"; };
		A1070C2921F93D9D00AC8E94 /* worldgen.cpp */ = {isa = PBXFileReference; lastKnownFileType = sourcecode.cpp.cpp; path = worldgen.cpp; sourceTree = "<group>"; };
		A14EB8392192018C00E05FD1 /* json11.hpp */ = {isa = PBXFileReference; fileEncoding = 4; lastKnownFileType = sourcecode.cpp.h; path = json11.hpp; sourceTree = "<group>"; };
		A14EB83A2192018C00E05FD1 /* json11.cpp */ = {isa = PBXFileReference; fileEncoding = 4; lastKnownFileType = sourcecode.cpp.cpp; path = json11.cpp; sourceTree = "<group>"; };
		A14EB83C219B849400E05FD1 /* stars.txt */ = {isa = PBXFileReference; lastKnownFileType = text; path = stars.txt; sourceTree = "<group>"; };
		A1795E10216EF2B200695595 /* worldgen */ = {isa = PBXFileReference; explicitFileType = "compiled.mach-o.executable"; includeInIndex = 0; path = worldgen; sourceTree = BUILT_PRODUCTS_DIR; };
		A1795E13216EF2B200695595 /* main.cpp */ = {isa = PBXFileReference; lastKnownFileType = sourcecode.cpp.cpp; path = main.cpp; sourceTree = "<group>"; };
		A1795E1A216EF48D00695595 /* worldgen.h */ = {isa = PBXFileReference; lastKnownFileType = sourcecode.c.h; path = worldgen.h; sourceTree = "<group>"; };
/* End PBXFileReference section */

/* Begin PBXFrameworksBuildPhase section */
		A1795E0D216EF2B200695595 /* Frameworks */ = {
			isa = PBXFrameworksBuildPhase;
			buildActionMask = 2147483647;
			files = (
			);
			runOnlyForDeploymentPostprocessing = 0;
		};
/* End PBXFrameworksBuildPhase section */

/* Begin PBXGroup section */
		A1795E07216EF2B200695595 = {
			isa = PBXGroup;
			children = (
				A1795E12216EF2B200695595 /* worldgen */,
				A1795E11216EF2B200695595 /* Products */,
			);
			sourceTree = "<group>";
		};
		A1795E11216EF2B200695595 /* Products */ = {
			isa = PBXGroup;
			children = (
				A1795E10216EF2B200695595 /* worldgen */,
			);
			name = Products;
			sourceTree = "<group>";
		};
		A1795E12216EF2B200695595 /* worldgen */ = {
			isa = PBXGroup;
			children = (
				A1795E13216EF2B200695595 /* main.cpp */,
				A1795E1A216EF48D00695595 /* worldgen.h */,
				A1070C2921F93D9D00AC8E94 /* worldgen.cpp */,
				A14EB83A2192018C00E05FD1 /* json11.cpp */,
				A14EB8392192018C00E05FD1 /* json11.hpp */,
				A1070C2321F9296E00AC8E94 /* Text.json */,
				A14EB83C219B849400E05FD1 /* stars.txt */,
			);
			path = worldgen;
			sourceTree = "<group>";
		};
/* End PBXGroup section */

/* Begin PBXNativeTarget section */
		A1795E0F216EF2B200695595 /* worldgen */ = {
			isa = PBXNativeTarget;
			buildConfigurationList = A1795E17216EF2B200695595 /* Build configuration list for PBXNativeTarget "worldgen" */;
			buildPhases = (
				A1795E0C216EF2B200695595 /* Sources */,
				A1795E0D216EF2B200695595 /* Frameworks */,
				A1795E0E216EF2B200695595 /* CopyFiles */,
			);
			buildRules = (
			);
			dependencies = (
			);
			name = worldgen;
			productName = worldgen;
			productReference = A1795E10216EF2B200695595 /* worldgen */;
			productType = "com.apple.product-type.tool";
		};
/* End PBXNativeTarget section */

/* Begin PBXProject section */
		A1795E08216EF2B200695595 /* Project object */ = {
			isa = PBXProject;
			attributes = {
				LastUpgradeCheck = 0940;
				ORGANIZATIONNAME = "tom garside";
				TargetAttributes = {
					A1795E0F216EF2B200695595 = {
						CreatedOnToolsVersion = 9.4.1;
					};
				};
			};
			buildConfigurationList = A1795E0B216EF2B200695595 /* Build configuration list for PBXProject "worldgen" */;
			compatibilityVersion = "Xcode 9.3";
			developmentRegion = en;
			hasScannedForEncodings = 0;
			knownRegions = (
				en,
			);
			mainGroup = A1795E07216EF2B200695595;
			productRefGroup = A1795E11216EF2B200695595 /* Products */;
			projectDirPath = "";
			projectRoot = "";
			targets = (
				A1795E0F216EF2B200695595 /* worldgen */,
			);
		};
/* End PBXProject section */

/* Begin PBXSourcesBuildPhase section */
		A1795E0C216EF2B200695595 /* Sources */ = {
			isa = PBXSourcesBuildPhase;
			buildActionMask = 2147483647;
			files = (
				A1795E14216EF2B200695595 /* main.cpp in Sources */,
				A14EB83B2192018C00E05FD1 /* json11.cpp in Sources */,
				A1070C2A21F93D9D00AC8E94 /* worldgen.cpp in Sources */,
			);
			runOnlyForDeploymentPostprocessing = 0;
		};
/* End PBXSourcesBuildPhase section */

/* Begin XCBuildConfiguration section */
		A1795E15216EF2B200695595 /* Debug */ = {
			isa = XCBuildConfiguration;
			buildSettings = {
				ALWAYS_SEARCH_USER_PATHS = NO;
				CLANG_ANALYZER_NONNULL = YES;
				CLANG_ANALYZER_NUMBER_OBJECT_CONVERSION = YES_AGGRESSIVE;
				CLANG_CXX_LANGUAGE_STANDARD = "gnu++14";
				CLANG_CXX_LIBRARY = "libc++";
				CLANG_ENABLE_MODULES = YES;
				CLANG_ENABLE_OBJC_ARC = YES;
				CLANG_ENABLE_OBJC_WEAK = YES;
				CLANG_WARN_BLOCK_CAPTURE_AUTORELEASING = YES;
				CLANG_WARN_BOOL_CONVERSION = YES;
				CLANG_WARN_COMMA = YES;
				CLANG_WARN_CONSTANT_CONVERSION = YES;
				CLANG_WARN_DEPRECATED_OBJC_IMPLEMENTATIONS = YES;
				CLANG_WARN_DIRECT_OBJC_ISA_USAGE = YES_ERROR;
				CLANG_WARN_DOCUMENTATION_COMMENTS = YES;
				CLANG_WARN_EMPTY_BODY = YES;
				CLANG_WARN_ENUM_CONVERSION = YES;
				CLANG_WARN_INFINITE_RECURSION = YES;
				CLANG_WARN_INT_CONVERSION = YES;
				CLANG_WARN_NON_LITERAL_NULL_CONVERSION = YES;
				CLANG_WARN_OBJC_IMPLICIT_RETAIN_SELF = YES;
				CLANG_WARN_OBJC_LITERAL_CONVERSION = YES;
				CLANG_WARN_OBJC_ROOT_CLASS = YES_ERROR;
				CLANG_WARN_RANGE_LOOP_ANALYSIS = YES;
				CLANG_WARN_STRICT_PROTOTYPES = YES;
				CLANG_WARN_SUSPICIOUS_MOVE = YES;
				CLANG_WARN_UNGUARDED_AVAILABILITY = YES_AGGRESSIVE;
				CLANG_WARN_UNREACHABLE_CODE = YES;
				CLANG_WARN__DUPLICATE_METHOD_MATCH = YES;
				CODE_SIGN_IDENTITY = "-";
				COPY_PHASE_STRIP = NO;
				DEBUG_INFORMATION_FORMAT = dwarf;
				ENABLE_STRICT_OBJC_MSGSEND = YES;
				ENABLE_TESTABILITY = YES;
				GCC_C_LANGUAGE_STANDARD = gnu11;
				GCC_DYNAMIC_NO_PIC = NO;
				GCC_NO_COMMON_BLOCKS = YES;
				GCC_OPTIMIZATION_LEVEL = 0;
				GCC_PREPROCESSOR_DEFINITIONS = (
					"DEBUG=1",
					"$(inherited)",
				);
				GCC_WARN_64_TO_32_BIT_CONVERSION = YES;
				GCC_WARN_ABOUT_RETURN_TYPE = YES_ERROR;
				GCC_WARN_UNDECLARED_SELECTOR = YES;
				GCC_WARN_UNINITIALIZED_AUTOS = YES_AGGRESSIVE;
				GCC_WARN_UNUSED_FUNCTION = YES;
				GCC_WARN_UNUSED_VARIABLE = YES;
				MACOSX_DEPLOYMENT_TARGET = 10.13;
				MTL_ENABLE_DEBUG_INFO = YES;
				ONLY_ACTIVE_ARCH = YES;
				SDKROOT = macosx;
			};
			name = Debug;
		};
		A1795E16216EF2B200695595 /* Release */ = {
			isa = XCBuildConfiguration;
			buildSettings = {
				ALWAYS_SEARCH_USER_PATHS = NO;
				CLANG_ANALYZER_NONNULL = YES;
				CLANG_ANALYZER_NUMBER_OBJECT_CONVERSION = YES_AGGRESSIVE;
				CLANG_CXX_LANGUAGE_STANDARD = "gnu++14";
				CLANG_CXX_LIBRARY = "libc++";
				CLANG_ENABLE_MODULES = YES;
				CLANG_ENABLE_OBJC_ARC = YES;
				CLANG_ENABLE_OBJC_WEAK = YES;
				CLANG_WARN_BLOCK_CAPTURE_AUTORELEASING = YES;
				CLANG_WARN_BOOL_CONVERSION = YES;
				CLANG_WARN_COMMA = YES;
				CLANG_WARN_CONSTANT_CONVERSION = YES;
				CLANG_WARN_DEPRECATED_OBJC_IMPLEMENTATIONS = YES;
				CLANG_WARN_DIRECT_OBJC_ISA_USAGE = YES_ERROR;
				CLANG_WARN_DOCUMENTATION_COMMENTS = YES;
				CLANG_WARN_EMPTY_BODY = YES;
				CLANG_WARN_ENUM_CONVERSION = YES;
				CLANG_WARN_INFINITE_RECURSION = YES;
				CLANG_WARN_INT_CONVERSION = YES;
				CLANG_WARN_NON_LITERAL_NULL_CONVERSION = YES;
				CLANG_WARN_OBJC_IMPLICIT_RETAIN_SELF = YES;
				CLANG_WARN_OBJC_LITERAL_CONVERSION = YES;
				CLANG_WARN_OBJC_ROOT_CLASS = YES_ERROR;
				CLANG_WARN_RANGE_LOOP_ANALYSIS = YES;
				CLANG_WARN_STRICT_PROTOTYPES = YES;
				CLANG_WARN_SUSPICIOUS_MOVE = YES;
				CLANG_WARN_UNGUARDED_AVAILABILITY = YES_AGGRESSIVE;
				CLANG_WARN_UNREACHABLE_CODE = YES;
				CLANG_WARN__DUPLICATE_METHOD_MATCH = YES;
				CODE_SIGN_IDENTITY = "-";
				COPY_PHASE_STRIP = NO;
				DEBUG_INFORMATION_FORMAT = "dwarf-with-dsym";
				ENABLE_NS_ASSERTIONS = NO;
				ENABLE_STRICT_OBJC_MSGSEND = YES;
				GCC_C_LANGUAGE_STANDARD = gnu11;
				GCC_NO_COMMON_BLOCKS = YES;
				GCC_WARN_64_TO_32_BIT_CONVERSION = YES;
				GCC_WARN_ABOUT_RETURN_TYPE = YES_ERROR;
				GCC_WARN_UNDECLARED_SELECTOR = YES;
				GCC_WARN_UNINITIALIZED_AUTOS = YES_AGGRESSIVE;
				GCC_WARN_UNUSED_FUNCTION = YES;
				GCC_WARN_UNUSED_VARIABLE = YES;
				MACOSX_DEPLOYMENT_TARGET = 10.13;
				MTL_ENABLE_DEBUG_INFO = NO;
				SDKROOT = macosx;
			};
			name = Release;
		};
		A1795E18216EF2B200695595 /* Debug */ = {
			isa = XCBuildConfiguration;
			buildSettings = {
				CODE_SIGN_STYLE = Automatic;
				PRODUCT_NAME = "$(TARGET_NAME)";
			};
			name = Debug;
		};
		A1795E19216EF2B200695595 /* Release */ = {
			isa = XCBuildConfiguration;
			buildSettings = {
				CODE_SIGN_STYLE = Automatic;
				PRODUCT_NAME = "$(TARGET_NAME)";
			};
			name = Release;
		};
/* End XCBuildConfiguration section */

/* Begin XCConfigurationList section */
		A1795E0B216EF2B200695595 /* Build configuration list for PBXProject "worldgen" */ = {
			isa = XCConfigurationList;
			buildConfigurations = (
				A1795E15216EF2B200695595 /* Debug */,
				A1795E16216EF2B200695595 /* Release */,
			);
			defaultConfigurationIsVisible = 0;
			defaultConfigurationName = Release;
		};
		A1795E17216EF2B200695595 /* Build configuration list for PBXNativeTarget "worldgen" */ = {
			isa = XCConfigurationList;
			buildConfigurations = (
				A1795E18216EF2B200695595 /* Debug */,
				A1795E19216EF2B200695595 /* Release */,
			);
			defaultConfigurationIsVisible = 0;
			defaultConfigurationName = Release;
		};
/* End XCConfigurationList section */
	};
	rootObject = A1795E08216EF2B200695595 /* Project object */;
}
